// !$*UTF8*$!
{
	archiveVersion = 1;
	classes = {
	};
	objectVersion = 48;
	objects = {

/* Begin PBXBuildFile section */
		8EAE94F1202277CB003D5386 /* LeagueVC.swift in Sources */ = {isa = PBXBuildFile; fileRef = 8EAE94F0202277CB003D5386 /* LeagueVC.swift */; };
		8EAE94F3202278B9003D5386 /* SkillVC.swift in Sources */ = {isa = PBXBuildFile; fileRef = 8EAE94F2202278B9003D5386 /* SkillVC.swift */; };
		8EB0F38A2022D6D8000DB90F /* player.swift in Sources */ = {isa = PBXBuildFile; fileRef = 8EB0F3892022D6D8000DB90F /* player.swift */; };
		8EF235802020D11400B6F043 /* AppDelegate.swift in Sources */ = {isa = PBXBuildFile; fileRef = 8EF2357F2020D11400B6F043 /* AppDelegate.swift */; };
		8EF235822020D11400B6F043 /* WelcomeVC.swift in Sources */ = {isa = PBXBuildFile; fileRef = 8EF235812020D11400B6F043 /* WelcomeVC.swift */; };
		8EF235852020D11500B6F043 /* Main.storyboard in Resources */ = {isa = PBXBuildFile; fileRef = 8EF235832020D11500B6F043 /* Main.storyboard */; };
		8EF235872020D11500B6F043 /* Assets.xcassets in Resources */ = {isa = PBXBuildFile; fileRef = 8EF235862020D11500B6F043 /* Assets.xcassets */; };
		8EF2358A2020D11500B6F043 /* LaunchScreen.storyboard in Resources */ = {isa = PBXBuildFile; fileRef = 8EF235882020D11500B6F043 /* LaunchScreen.storyboard */; };
		8EF235B12020D88E00B6F043 /* BorderButton.swift in Sources */ = {isa = PBXBuildFile; fileRef = 8EF235B02020D88E00B6F043 /* BorderButton.swift */; };
/* End PBXBuildFile section */

/* Begin PBXFileReference section */
		8EAE94F0202277CB003D5386 /* LeagueVC.swift */ = {isa = PBXFileReference; lastKnownFileType = sourcecode.swift; path = LeagueVC.swift; sourceTree = "<group>"; };
		8EAE94F2202278B9003D5386 /* SkillVC.swift */ = {isa = PBXFileReference; lastKnownFileType = sourcecode.swift; path = SkillVC.swift; sourceTree = "<group>"; };
		8EB0F3892022D6D8000DB90F /* player.swift */ = {isa = PBXFileReference; lastKnownFileType = sourcecode.swift; path = player.swift; sourceTree = "<group>"; };
		8EF2357C2020D11400B6F043 /* app-swoosh.app */ = {isa = PBXFileReference; explicitFileType = wrapper.application; includeInIndex = 0; path = "app-swoosh.app"; sourceTree = BUILT_PRODUCTS_DIR; };
		8EF2357F2020D11400B6F043 /* AppDelegate.swift */ = {isa = PBXFileReference; lastKnownFileType = sourcecode.swift; path = AppDelegate.swift; sourceTree = "<group>"; };
		8EF235812020D11400B6F043 /* WelcomeVC.swift */ = {isa = PBXFileReference; lastKnownFileType = sourcecode.swift; path = WelcomeVC.swift; sourceTree = "<group>"; };
		8EF235842020D11500B6F043 /* Base */ = {isa = PBXFileReference; lastKnownFileType = file.storyboard; name = Base; path = Base.lproj/Main.storyboard; sourceTree = "<group>"; };
		8EF235862020D11500B6F043 /* Assets.xcassets */ = {isa = PBXFileReference; lastKnownFileType = folder.assetcatalog; path = Assets.xcassets; sourceTree = "<group>"; };
		8EF235892020D11500B6F043 /* Base */ = {isa = PBXFileReference; lastKnownFileType = file.storyboard; name = Base; path = Base.lproj/LaunchScreen.storyboard; sourceTree = "<group>"; };
		8EF2358B2020D11500B6F043 /* Info.plist */ = {isa = PBXFileReference; lastKnownFileType = text.plist.xml; path = Info.plist; sourceTree = "<group>"; };
		8EF235B02020D88E00B6F043 /* BorderButton.swift */ = {isa = PBXFileReference; lastKnownFileType = sourcecode.swift; path = BorderButton.swift; sourceTree = "<group>"; };
/* End PBXFileReference section */

/* Begin PBXFrameworksBuildPhase section */
		8EF235792020D11400B6F043 /* Frameworks */ = {
			isa = PBXFrameworksBuildPhase;
			buildActionMask = 2147483647;
			files = (
			);
			runOnlyForDeploymentPostprocessing = 0;
		};
/* End PBXFrameworksBuildPhase section */

/* Begin PBXGroup section */
		8EAE94EE202276C6003D5386 /* Controller */ = {
			isa = PBXGroup;
			children = (
				8EF235812020D11400B6F043 /* WelcomeVC.swift */,
				8EAE94F0202277CB003D5386 /* LeagueVC.swift */,
				8EAE94F2202278B9003D5386 /* SkillVC.swift */,
			);
			path = Controller;
			sourceTree = "<group>";
		};
		8EAE94EF202276D4003D5386 /* Model */ = {
			isa = PBXGroup;
			children = (
				8EB0F3892022D6D8000DB90F /* player.swift */,
			);
			path = Model;
			sourceTree = "<group>";
		};
		8EF235732020D11400B6F043 = {
			isa = PBXGroup;
			children = (
				8EF2357E2020D11400B6F043 /* app-swoosh */,
				8EF2357D2020D11400B6F043 /* Products */,
			);
			sourceTree = "<group>";
		};
		8EF2357D2020D11400B6F043 /* Products */ = {
			isa = PBXGroup;
			children = (
				8EF2357C2020D11400B6F043 /* app-swoosh.app */,
			);
			name = Products;
			sourceTree = "<group>";
		};
		8EF2357E2020D11400B6F043 /* app-swoosh */ = {
			isa = PBXGroup;
			children = (
				8EAE94EF202276D4003D5386 /* Model */,
				8EAE94EE202276C6003D5386 /* Controller */,
				8EF235AF2020D7FC00B6F043 /* Views */,
				8EF2357F2020D11400B6F043 /* AppDelegate.swift */,
				8EF235832020D11500B6F043 /* Main.storyboard */,
				8EF235862020D11500B6F043 /* Assets.xcassets */,
				8EF2358B2020D11500B6F043 /* Info.plist */,
				8EF235882020D11500B6F043 /* LaunchScreen.storyboard */,
			);
			path = "app-swoosh";
			sourceTree = "<group>";
		};
		8EF235AF2020D7FC00B6F043 /* Views */ = {
			isa = PBXGroup;
			children = (
				8EF235B02020D88E00B6F043 /* BorderButton.swift */,
			);
			path = Views;
			sourceTree = "<group>";
		};
/* End PBXGroup section */

/* Begin PBXNativeTarget section */
		8EF2357B2020D11400B6F043 /* app-swoosh */ = {
			isa = PBXNativeTarget;
			buildConfigurationList = 8EF2358E2020D11500B6F043 /* Build configuration list for PBXNativeTarget "app-swoosh" */;
			buildPhases = (
				8EF235782020D11400B6F043 /* Sources */,
				8EF235792020D11400B6F043 /* Frameworks */,
				8EF2357A2020D11400B6F043 /* Resources */,
			);
			buildRules = (
			);
			dependencies = (
			);
			name = "app-swoosh";
			productName = "app-swoosh";
			productReference = 8EF2357C2020D11400B6F043 /* app-swoosh.app */;
			productType = "com.apple.product-type.application";
		};
/* End PBXNativeTarget section */

/* Begin PBXProject section */
		8EF235742020D11400B6F043 /* Project object */ = {
			isa = PBXProject;
			attributes = {
				LastSwiftUpdateCheck = 0920;
				LastUpgradeCheck = 0920;
				ORGANIZATIONNAME = "Prabhpahul singh";
				TargetAttributes = {
					8EF2357B2020D11400B6F043 = {
						CreatedOnToolsVersion = 9.2;
						ProvisioningStyle = Automatic;
					};
				};
			};
			buildConfigurationList = 8EF235772020D11400B6F043 /* Build configuration list for PBXProject "app-swoosh" */;
			compatibilityVersion = "Xcode 8.0";
			developmentRegion = en;
			hasScannedForEncodings = 0;
			knownRegions = (
				en,
				Base,
			);
			mainGroup = 8EF235732020D11400B6F043;
			productRefGroup = 8EF2357D2020D11400B6F043 /* Products */;
			projectDirPath = "";
			projectRoot = "";
			targets = (
				8EF2357B2020D11400B6F043 /* app-swoosh */,
			);
		};
/* End PBXProject section */

/* Begin PBXResourcesBuildPhase section */
		8EF2357A2020D11400B6F043 /* Resources */ = {
			isa = PBXResourcesBuildPhase;
			buildActionMask = 2147483647;
			files = (
				8EF2358A2020D11500B6F043 /* LaunchScreen.storyboard in Resources */,
				8EF235872020D11500B6F043 /* Assets.xcassets in Resources */,
				8EF235852020D11500B6F043 /* Main.storyboard in Resources */,
			);
			runOnlyForDeploymentPostprocessing = 0;
		};
/* End PBXResourcesBuildPhase section */

/* Begin PBXSourcesBuildPhase section */
		8EF235782020D11400B6F043 /* Sources */ = {
			isa = PBXSourcesBuildPhase;
			buildActionMask = 2147483647;
			files = (
				8EF235822020D11400B6F043 /* WelcomeVC.swift in Sources */,
				8EF235802020D11400B6F043 /* AppDelegate.swift in Sources */,
				8EAE94F1202277CB003D5386 /* LeagueVC.swift in Sources */,
				8EAE94F3202278B9003D5386 /* SkillVC.swift in Sources */,
				8EB0F38A2022D6D8000DB90F /* player.swift in Sources */,
				8EF235B12020D88E00B6F043 /* BorderButton.swift in Sources */,
			);
			runOnlyForDeploymentPostprocessing = 0;
		};
/* End PBXSourcesBuildPhase section */

/* Begin PBXVariantGroup section */
		8EF235832020D11500B6F043 /* Main.storyboard */ = {
			isa = PBXVariantGroup;
			children = (
				8EF235842020D11500B6F043 /* Base */,
			);
			name = Main.storyboard;
			sourceTree = "<group>";
		};
		8EF235882020D11500B6F043 /* LaunchScreen.storyboard */ = {
			isa = PBXVariantGroup;
			children = (
				8EF235892020D11500B6F043 /* Base */,
			);
			name = LaunchScreen.storyboard;
			sourceTree = "<group>";
		};
/* End PBXVariantGroup section */

/* Begin XCBuildConfiguration section */
		8EF2358C2020D11500B6F043 /* Debug */ = {
			isa = XCBuildConfiguration;
			buildSettings = {
				ALWAYS_SEARCH_USER_PATHS = NO;
				CLANG_ANALYZER_NONNULL = YES;
				CLANG_ANALYZER_NUMBER_OBJECT_CONVERSION = YES_AGGRESSIVE;
				CLANG_CXX_LANGUAGE_STANDARD = "gnu++14";
				CLANG_CXX_LIBRARY = "libc++";
				CLANG_ENABLE_MODULES = YES;
				CLANG_ENABLE_OBJC_ARC = YES;
				CLANG_WARN_BLOCK_CAPTURE_AUTORELEASING = YES;
				CLANG_WARN_BOOL_CONVERSION = YES;
				CLANG_WARN_COMMA = YES;
				CLANG_WARN_CONSTANT_CONVERSION = YES;
				CLANG_WARN_DIRECT_OBJC_ISA_USAGE = YES_ERROR;
				CLANG_WARN_DOCUMENTATION_COMMENTS = YES;
				CLANG_WARN_EMPTY_BODY = YES;
				CLANG_WARN_ENUM_CONVERSION = YES;
				CLANG_WARN_INFINITE_RECURSION = YES;
				CLANG_WARN_INT_CONVERSION = YES;
				CLANG_WARN_NON_LITERAL_NULL_CONVERSION = YES;
				CLANG_WARN_OBJC_LITERAL_CONVERSION = YES;
				CLANG_WARN_OBJC_ROOT_CLASS = YES_ERROR;
				CLANG_WARN_RANGE_LOOP_ANALYSIS = YES;
				CLANG_WARN_STRICT_PROTOTYPES = YES;
				CLANG_WARN_SUSPICIOUS_MOVE = YES;
				CLANG_WARN_UNGUARDED_AVAILABILITY = YES_AGGRESSIVE;
				CLANG_WARN_UNREACHABLE_CODE = YES;
				CLANG_WARN__DUPLICATE_METHOD_MATCH = YES;
				CODE_SIGN_IDENTITY = "iPhone Developer";
				COPY_PHASE_STRIP = NO;
				DEBUG_INFORMATION_FORMAT = dwarf;
				ENABLE_STRICT_OBJC_MSGSEND = YES;
				ENABLE_TESTABILITY = YES;
				GCC_C_LANGUAGE_STANDARD = gnu11;
				GCC_DYNAMIC_NO_PIC = NO;
				GCC_NO_COMMON_BLOCKS = YES;
				GCC_OPTIMIZATION_LEVEL = 0;
				GCC_PREPROCESSOR_DEFINITIONS = (
					"DEBUG=1",
					"$(inherited)",
				);
				GCC_WARN_64_TO_32_BIT_CONVERSION = YES;
				GCC_WARN_ABOUT_RETURN_TYPE = YES_ERROR;
				GCC_WARN_UNDECLARED_SELECTOR = YES;
				GCC_WARN_UNINITIALIZED_AUTOS = YES_AGGRESSIVE;
				GCC_WARN_UNUSED_FUNCTION = YES;
				GCC_WARN_UNUSED_VARIABLE = YES;
				IPHONEOS_DEPLOYMENT_TARGET = 11.2;
				MTL_ENABLE_DEBUG_INFO = YES;
				ONLY_ACTIVE_ARCH = YES;
				SDKROOT = iphoneos;
				SWIFT_ACTIVE_COMPILATION_CONDITIONS = DEBUG;
				SWIFT_OPTIMIZATION_LEVEL = "-Onone";
			};
			name = Debug;
		};
		8EF2358D2020D11500B6F043 /* Release */ = {
			isa = XCBuildConfiguration;
			buildSettings = {
				ALWAYS_SEARCH_USER_PATHS = NO;
				CLANG_ANALYZER_NONNULL = YES;
				CLANG_ANALYZER_NUMBER_OBJECT_CONVERSION = YES_AGGRESSIVE;
				CLANG_CXX_LANGUAGE_STANDARD = "gnu++14";
				CLANG_CXX_LIBRARY = "libc++";
				CLANG_ENABLE_MODULES = YES;
				CLANG_ENABLE_OBJC_ARC = YES;
				CLANG_WARN_BLOCK_CAPTURE_AUTORELEASING = YES;
				CLANG_WARN_BOOL_CONVERSION = YES;
				CLANG_WARN_COMMA = YES;
				CLANG_WARN_CONSTANT_CONVERSION = YES;
				CLANG_WARN_DIRECT_OBJC_ISA_USAGE = YES_ERROR;
				CLANG_WARN_DOCUMENTATION_COMMENTS = YES;
				CLANG_WARN_EMPTY_BODY = YES;
				CLANG_WARN_ENUM_CONVERSION = YES;
				CLANG_WARN_INFINITE_RECURSION = YES;
				CLANG_WARN_INT_CONVERSION = YES;
				CLANG_WARN_NON_LITERAL_NULL_CONVERSION = YES;
				CLANG_WARN_OBJC_LITERAL_CONVERSION = YES;
				CLANG_WARN_OBJC_ROOT_CLASS = YES_ERROR;
				CLANG_WARN_RANGE_LOOP_ANALYSIS = YES;
				CLANG_WARN_STRICT_PROTOTYPES = YES;
				CLANG_WARN_SUSPICIOUS_MOVE = YES;
				CLANG_WARN_UNGUARDED_AVAILABILITY = YES_AGGRESSIVE;
				CLANG_WARN_UNREACHABLE_CODE = YES;
				CLANG_WARN__DUPLICATE_METHOD_MATCH = YES;
				CODE_SIGN_IDENTITY = "iPhone Developer";
				COPY_PHASE_STRIP = NO;
				DEBUG_INFORMATION_FORMAT = "dwarf-with-dsym";
				ENABLE_NS_ASSERTIONS = NO;
				ENABLE_STRICT_OBJC_MSGSEND = YES;
				GCC_C_LANGUAGE_STANDARD = gnu11;
				GCC_NO_COMMON_BLOCKS = YES;
				GCC_WARN_64_TO_32_BIT_CONVERSION = YES;
				GCC_WARN_ABOUT_RETURN_TYPE = YES_ERROR;
				GCC_WARN_UNDECLARED_SELECTOR = YES;
				GCC_WARN_UNINITIALIZED_AUTOS = YES_AGGRESSIVE;
				GCC_WARN_UNUSED_FUNCTION = YES;
				GCC_WARN_UNUSED_VARIABLE = YES;
				IPHONEOS_DEPLOYMENT_TARGET = 11.2;
				MTL_ENABLE_DEBUG_INFO = NO;
				SDKROOT = iphoneos;
				SWIFT_OPTIMIZATION_LEVEL = "-Owholemodule";
				VALIDATE_PRODUCT = YES;
			};
			name = Release;
		};
		8EF2358F2020D11500B6F043 /* Debug */ = {
			isa = XCBuildConfiguration;
			buildSettings = {
				ASSETCATALOG_COMPILER_APPICON_NAME = AppIcon;
				CODE_SIGN_STYLE = Automatic;
				DEVELOPMENT_TEAM = AQFL68M8W3;
				INFOPLIST_FILE = "app-swoosh/Info.plist";
				LD_RUNPATH_SEARCH_PATHS = "$(inherited) @executable_path/Frameworks";
				PRODUCT_BUNDLE_IDENTIFIER = "app-swoosh.xcodeproj";
				PRODUCT_NAME = "$(TARGET_NAME)";
				SWIFT_VERSION = 4.0;
				TARGETED_DEVICE_FAMILY = "1,2";
			};
			name = Debug;
		};
		8EF235902020D11500B6F043 /* Release */ = {
			isa = XCBuildConfiguration;
			buildSettings = {
				ASSETCATALOG_COMPILER_APPICON_NAME = AppIcon;
				CODE_SIGN_STYLE = Automatic;
				DEVELOPMENT_TEAM = AQFL68M8W3;
				INFOPLIST_FILE = "app-swoosh/Info.plist";
				LD_RUNPATH_SEARCH_PATHS = "$(inherited) @executable_path/Frameworks";
				PRODUCT_BUNDLE_IDENTIFIER = "app-swoosh.xcodeproj";
				PRODUCT_NAME = "$(TARGET_NAME)";
				SWIFT_VERSION = 4.0;
				TARGETED_DEVICE_FAMILY = "1,2";
			};
			name = Release;
		};
/* End XCBuildConfiguration section */

/* Begin XCConfigurationList section */
		8EF235772020D11400B6F043 /* Build configuration list for PBXProject "app-swoosh" */ = {
			isa = XCConfigurationList;
			buildConfigurations = (
				8EF2358C2020D11500B6F043 /* Debug */,
				8EF2358D2020D11500B6F043 /* Release */,
			);
			defaultConfigurationIsVisible = 0;
			defaultConfigurationName = Release;
		};
		8EF2358E2020D11500B6F043 /* Build configuration list for PBXNativeTarget "app-swoosh" */ = {
			isa = XCConfigurationList;
			buildConfigurations = (
				8EF2358F2020D11500B6F043 /* Debug */,
				8EF235902020D11500B6F043 /* Release */,
			);
			defaultConfigurationIsVisible = 0;
			defaultConfigurationName = Release;
		};
/* End XCConfigurationList section */
	};
	rootObject = 8EF235742020D11400B6F043 /* Project object */;
}
